// !$*UTF8*$!
{
	archiveVersion = 1;
	classes = {
	};
	objectVersion = 46;
	objects = {

/* Begin PBXBuildFile section */
		0A1199F71B9F097F00DC7DF3 /* testHot.jpg in Resources */ = {isa = PBXBuildFile; fileRef = 0A1199F51B9F097F00DC7DF3 /* testHot.jpg */; };
		0A1199F81B9F097F00DC7DF3 /* title@2x.png in Resources */ = {isa = PBXBuildFile; fileRef = 0A1199F61B9F097F00DC7DF3 /* title@2x.png */; };
		951FE4B51B89C088008DF72E /* HHDataUtil.m in Sources */ = {isa = PBXBuildFile; fileRef = 951FE4B41B89C088008DF72E /* HHDataUtil.m */; };
		951FE4BA1B89CB82008DF72E /* HotTableViewCell.m in Sources */ = {isa = PBXBuildFile; fileRef = 951FE4B91B89CB82008DF72E /* HotTableViewCell.m */; };
		951FE4AF1B89BA68008DF72E /* title@2x.png in Resources */ = {isa = PBXBuildFile; fileRef = 951FE4AE1B89BA68008DF72E /* title@2x.png */; };
		951FE4B51B89C088008DF72E /* HHDataUtil.m in Sources */ = {isa = PBXBuildFile; fileRef = 951FE4B41B89C088008DF72E /* HHDataUtil.m */; };
		951FE4BA1B89CB82008DF72E /* HotTableViewCell.m in Sources */ = {isa = PBXBuildFile; fileRef = 951FE4B91B89CB82008DF72E /* HotTableViewCell.m */; };
		951FE4BC1B89CFA5008DF72E /* testHot.jpg in Resources */ = {isa = PBXBuildFile; fileRef = 951FE4BB1B89CFA5008DF72E /* testHot.jpg */; };
		9528A37D1B92DB4900CE755B /* test.ini in Resources */ = {isa = PBXBuildFile; fileRef = 9528A37C1B92DB4900CE755B /* test.ini */; };
		953B791B1B77355C00C2BA71 /* LoginViewViewController.m in Sources */ = {isa = PBXBuildFile; fileRef = 953B791A1B77355C00C2BA71 /* LoginViewViewController.m */; };
		953B791E1B77363400C2BA71 /* RegisterViewController.m in Sources */ = {isa = PBXBuildFile; fileRef = 953B791D1B77363400C2BA71 /* RegisterViewController.m */; };
		953B79241B77386800C2BA71 /* ClubViewController.m in Sources */ = {isa = PBXBuildFile; fileRef = 953B79231B77386800C2BA71 /* ClubViewController.m */; };
		953B79271B773D8800C2BA71 /* HotViewController.m in Sources */ = {isa = PBXBuildFile; fileRef = 953B79261B773D8800C2BA71 /* HotViewController.m */; };
		953B792A1B77413400C2BA71 /* MoreViewController.m in Sources */ = {isa = PBXBuildFile; fileRef = 953B79291B77413400C2BA71 /* MoreViewController.m */; };
		953B793B1B7A359500C2BA71 /* index.png in Resources */ = {isa = PBXBuildFile; fileRef = 953B79361B7A359500C2BA71 /* index.png */; };
		953B793C1B7A359500C2BA71 /* logo.png in Resources */ = {isa = PBXBuildFile; fileRef = 953B79371B7A359500C2BA71 /* logo.png */; };
		953B793D1B7A359500C2BA71 /* mine.png in Resources */ = {isa = PBXBuildFile; fileRef = 953B79381B7A359500C2BA71 /* mine.png */; };
		953B793E1B7A359500C2BA71 /* tab_mine_l@2x.png in Resources */ = {isa = PBXBuildFile; fileRef = 953B79391B7A359500C2BA71 /* tab_mine_l@2x.png */; };
		953B793F1B7A359500C2BA71 /* tab_mine@2x.png in Resources */ = {isa = PBXBuildFile; fileRef = 953B793A1B7A359500C2BA71 /* tab_mine@2x.png */; };
		953B79421B7A394200C2BA71 /* tab_feed.png in Resources */ = {isa = PBXBuildFile; fileRef = 953B79401B7A394200C2BA71 /* tab_feed.png */; };
		953B79431B7A394200C2BA71 /* tab_feed@2x.png in Resources */ = {isa = PBXBuildFile; fileRef = 953B79411B7A394200C2BA71 /* tab_feed@2x.png */; };
		953B79471B7A47CF00C2BA71 /* MainSchoolViewController.m in Sources */ = {isa = PBXBuildFile; fileRef = 953B79461B7A47CF00C2BA71 /* MainSchoolViewController.m */; };
		953B794A1B7A4A3A00C2BA71 /* news.png in Resources */ = {isa = PBXBuildFile; fileRef = 953B79481B7A4A3A00C2BA71 /* news.png */; };
		953B794B1B7A4A3A00C2BA71 /* news@2x.png in Resources */ = {isa = PBXBuildFile; fileRef = 953B79491B7A4A3A00C2BA71 /* news@2x.png */; };
		953B794E1B7A4A9C00C2BA71 /* 112-group.png in Resources */ = {isa = PBXBuildFile; fileRef = 953B794C1B7A4A9C00C2BA71 /* 112-group.png */; };
		953B794F1B7A4A9C00C2BA71 /* 112-group@2x.png in Resources */ = {isa = PBXBuildFile; fileRef = 953B794D1B7A4A9C00C2BA71 /* 112-group@2x.png */; };
		953B79521B7A4BB500C2BA71 /* more.png in Resources */ = {isa = PBXBuildFile; fileRef = 953B79501B7A4BB500C2BA71 /* more.png */; };
		953B79531B7A4BB500C2BA71 /* more@2x.png in Resources */ = {isa = PBXBuildFile; fileRef = 953B79511B7A4BB500C2BA71 /* more@2x.png */; };
		9545EE801B771DA9009508E1 /* main.m in Sources */ = {isa = PBXBuildFile; fileRef = 9545EE7F1B771DA9009508E1 /* main.m */; };
		9545EE831B771DA9009508E1 /* AppDelegate.m in Sources */ = {isa = PBXBuildFile; fileRef = 9545EE821B771DA9009508E1 /* AppDelegate.m */; };
		9545EE861B771DA9009508E1 /* heshida.xcdatamodeld in Sources */ = {isa = PBXBuildFile; fileRef = 9545EE841B771DA9009508E1 /* heshida.xcdatamodeld */; };
		9545EE891B771DA9009508E1 /* ViewController.m in Sources */ = {isa = PBXBuildFile; fileRef = 9545EE881B771DA9009508E1 /* ViewController.m */; };
		9545EE8C1B771DA9009508E1 /* Main.storyboard in Resources */ = {isa = PBXBuildFile; fileRef = 9545EE8A1B771DA9009508E1 /* Main.storyboard */; };
		9545EE8E1B771DA9009508E1 /* Images.xcassets in Resources */ = {isa = PBXBuildFile; fileRef = 9545EE8D1B771DA9009508E1 /* Images.xcassets */; };
		9545EE911B771DA9009508E1 /* LaunchScreen.xib in Resources */ = {isa = PBXBuildFile; fileRef = 9545EE8F1B771DA9009508E1 /* LaunchScreen.xib */; };
		9545EE9D1B771DA9009508E1 /* heshidaTests.m in Sources */ = {isa = PBXBuildFile; fileRef = 9545EE9C1B771DA9009508E1 /* heshidaTests.m */; };
/* End PBXBuildFile section */

/* Begin PBXContainerItemProxy section */
		9545EE971B771DA9009508E1 /* PBXContainerItemProxy */ = {
			isa = PBXContainerItemProxy;
			containerPortal = 9545EE721B771DA9009508E1 /* Project object */;
			proxyType = 1;
			remoteGlobalIDString = 9545EE791B771DA9009508E1;
			remoteInfo = heshida;
		};
/* End PBXContainerItemProxy section */

/* Begin PBXFileReference section */
		0A1199F51B9F097F00DC7DF3 /* testHot.jpg */ = {isa = PBXFileReference; lastKnownFileType = image.jpeg; name = testHot.jpg; path = images/testHot.jpg; sourceTree = "<group>"; };
		0A1199F61B9F097F00DC7DF3 /* title@2x.png */ = {isa = PBXFileReference; lastKnownFileType = image.png; name = "title@2x.png"; path = "images/title@2x.png"; sourceTree = "<group>"; };
		951FE4AE1B89BA68008DF72E /* title@2x.png */ = {isa = PBXFileReference; lastKnownFileType = image.png; path = "title@2x.png"; sourceTree = "<group>"; };
		951FE4B31B89C088008DF72E /* HHDataUtil.h */ = {isa = PBXFileReference; fileEncoding = 4; lastKnownFileType = sourcecode.c.h; path = HHDataUtil.h; sourceTree = "<group>"; };
		951FE4B41B89C088008DF72E /* HHDataUtil.m */ = {isa = PBXFileReference; fileEncoding = 4; lastKnownFileType = sourcecode.c.objc; path = HHDataUtil.m; sourceTree = "<group>"; };
		951FE4B61B89C1C2008DF72E /* PrefixHeader.pch */ = {isa = PBXFileReference; fileEncoding = 4; lastKnownFileType = sourcecode.c.h; path = PrefixHeader.pch; sourceTree = "<group>"; };
		951FE4B81B89CB82008DF72E /* HotTableViewCell.h */ = {isa = PBXFileReference; fileEncoding = 4; lastKnownFileType = sourcecode.c.h; path = HotTableViewCell.h; sourceTree = "<group>"; };
		951FE4B91B89CB82008DF72E /* HotTableViewCell.m */ = {isa = PBXFileReference; fileEncoding = 4; lastKnownFileType = sourcecode.c.objc; path = HotTableViewCell.m; sourceTree = "<group>"; };
		951FE4BB1B89CFA5008DF72E /* testHot.jpg */ = {isa = PBXFileReference; lastKnownFileType = image.jpeg; path = testHot.jpg; sourceTree = "<group>"; };
		9528A37C1B92DB4900CE755B /* test.ini */ = {isa = PBXFileReference; fileEncoding = 4; lastKnownFileType = text; path = test.ini; sourceTree = "<group>"; };
		953B79191B77355C00C2BA71 /* LoginViewViewController.h */ = {isa = PBXFileReference; fileEncoding = 4; lastKnownFileType = sourcecode.c.h; path = LoginViewViewController.h; sourceTree = "<group>"; };
		953B791A1B77355C00C2BA71 /* LoginViewViewController.m */ = {isa = PBXFileReference; fileEncoding = 4; lastKnownFileType = sourcecode.c.objc; path = LoginViewViewController.m; sourceTree = "<group>"; };
		953B791C1B77363400C2BA71 /* RegisterViewController.h */ = {isa = PBXFileReference; fileEncoding = 4; lastKnownFileType = sourcecode.c.h; path = RegisterViewController.h; sourceTree = "<group>"; };
		953B791D1B77363400C2BA71 /* RegisterViewController.m */ = {isa = PBXFileReference; fileEncoding = 4; lastKnownFileType = sourcecode.c.objc; path = RegisterViewController.m; sourceTree = "<group>"; };
		953B79221B77386800C2BA71 /* ClubViewController.h */ = {isa = PBXFileReference; fileEncoding = 4; lastKnownFileType = sourcecode.c.h; path = ClubViewController.h; sourceTree = "<group>"; };
		953B79231B77386800C2BA71 /* ClubViewController.m */ = {isa = PBXFileReference; fileEncoding = 4; lastKnownFileType = sourcecode.c.objc; path = ClubViewController.m; sourceTree = "<group>"; };
		953B79251B773D8800C2BA71 /* HotViewController.h */ = {isa = PBXFileReference; fileEncoding = 4; lastKnownFileType = sourcecode.c.h; path = HotViewController.h; sourceTree = "<group>"; };
		953B79261B773D8800C2BA71 /* HotViewController.m */ = {isa = PBXFileReference; fileEncoding = 4; lastKnownFileType = sourcecode.c.objc; path = HotViewController.m; sourceTree = "<group>"; };
		953B79281B77413400C2BA71 /* MoreViewController.h */ = {isa = PBXFileReference; fileEncoding = 4; lastKnownFileType = sourcecode.c.h; path = MoreViewController.h; sourceTree = "<group>"; };
		953B79291B77413400C2BA71 /* MoreViewController.m */ = {isa = PBXFileReference; fileEncoding = 4; lastKnownFileType = sourcecode.c.objc; path = MoreViewController.m; sourceTree = "<group>"; };
		953B79361B7A359500C2BA71 /* index.png */ = {isa = PBXFileReference; lastKnownFileType = image.png; name = index.png; path = images/index.png; sourceTree = "<group>"; };
		953B79371B7A359500C2BA71 /* logo.png */ = {isa = PBXFileReference; lastKnownFileType = image.png; name = logo.png; path = images/logo.png; sourceTree = "<group>"; };
		953B79381B7A359500C2BA71 /* mine.png */ = {isa = PBXFileReference; lastKnownFileType = image.png; name = mine.png; path = images/mine.png; sourceTree = "<group>"; };
		953B79391B7A359500C2BA71 /* tab_mine_l@2x.png */ = {isa = PBXFileReference; lastKnownFileType = image.png; name = "tab_mine_l@2x.png"; path = "images/tab_mine_l@2x.png"; sourceTree = "<group>"; };
		953B793A1B7A359500C2BA71 /* tab_mine@2x.png */ = {isa = PBXFileReference; lastKnownFileType = image.png; name = "tab_mine@2x.png"; path = "images/tab_mine@2x.png"; sourceTree = "<group>"; };
		953B79401B7A394200C2BA71 /* tab_feed.png */ = {isa = PBXFileReference; lastKnownFileType = image.png; name = tab_feed.png; path = images/tab_feed.png; sourceTree = "<group>"; };
		953B79411B7A394200C2BA71 /* tab_feed@2x.png */ = {isa = PBXFileReference; lastKnownFileType = image.png; name = "tab_feed@2x.png"; path = "images/tab_feed@2x.png"; sourceTree = "<group>"; };
		953B79451B7A47CF00C2BA71 /* MainSchoolViewController.h */ = {isa = PBXFileReference; fileEncoding = 4; lastKnownFileType = sourcecode.c.h; path = MainSchoolViewController.h; sourceTree = "<group>"; };
		953B79461B7A47CF00C2BA71 /* MainSchoolViewController.m */ = {isa = PBXFileReference; fileEncoding = 4; lastKnownFileType = sourcecode.c.objc; path = MainSchoolViewController.m; sourceTree = "<group>"; };
		953B79481B7A4A3A00C2BA71 /* news.png */ = {isa = PBXFileReference; lastKnownFileType = image.png; name = news.png; path = images/news.png; sourceTree = "<group>"; };
		953B79491B7A4A3A00C2BA71 /* news@2x.png */ = {isa = PBXFileReference; lastKnownFileType = image.png; name = "news@2x.png"; path = "images/news@2x.png"; sourceTree = "<group>"; };
		953B794C1B7A4A9C00C2BA71 /* 112-group.png */ = {isa = PBXFileReference; lastKnownFileType = image.png; name = "112-group.png"; path = "images/112-group.png"; sourceTree = "<group>"; };
		953B794D1B7A4A9C00C2BA71 /* 112-group@2x.png */ = {isa = PBXFileReference; lastKnownFileType = image.png; name = "112-group@2x.png"; path = "images/112-group@2x.png"; sourceTree = "<group>"; };
		953B79501B7A4BB500C2BA71 /* more.png */ = {isa = PBXFileReference; lastKnownFileType = image.png; name = more.png; path = images/more.png; sourceTree = "<group>"; };
		953B79511B7A4BB500C2BA71 /* more@2x.png */ = {isa = PBXFileReference; lastKnownFileType = image.png; name = "more@2x.png"; path = "images/more@2x.png"; sourceTree = "<group>"; };
		9545EE7A1B771DA9009508E1 /* heshida.app */ = {isa = PBXFileReference; explicitFileType = wrapper.application; includeInIndex = 0; path = heshida.app; sourceTree = BUILT_PRODUCTS_DIR; };
		9545EE7E1B771DA9009508E1 /* Info.plist */ = {isa = PBXFileReference; lastKnownFileType = text.plist.xml; path = Info.plist; sourceTree = "<group>"; };
		9545EE7F1B771DA9009508E1 /* main.m */ = {isa = PBXFileReference; lastKnownFileType = sourcecode.c.objc; path = main.m; sourceTree = "<group>"; };
		9545EE811B771DA9009508E1 /* AppDelegate.h */ = {isa = PBXFileReference; lastKnownFileType = sourcecode.c.h; path = AppDelegate.h; sourceTree = "<group>"; };
		9545EE821B771DA9009508E1 /* AppDelegate.m */ = {isa = PBXFileReference; lastKnownFileType = sourcecode.c.objc; path = AppDelegate.m; sourceTree = "<group>"; };
		9545EE851B771DA9009508E1 /* heshida.xcdatamodel */ = {isa = PBXFileReference; lastKnownFileType = wrapper.xcdatamodel; path = heshida.xcdatamodel; sourceTree = "<group>"; };
		9545EE871B771DA9009508E1 /* ViewController.h */ = {isa = PBXFileReference; lastKnownFileType = sourcecode.c.h; path = ViewController.h; sourceTree = "<group>"; };
		9545EE881B771DA9009508E1 /* ViewController.m */ = {isa = PBXFileReference; lastKnownFileType = sourcecode.c.objc; path = ViewController.m; sourceTree = "<group>"; };
		9545EE8B1B771DA9009508E1 /* Base */ = {isa = PBXFileReference; lastKnownFileType = file.storyboard; name = Base; path = Base.lproj/Main.storyboard; sourceTree = "<group>"; };
		9545EE8D1B771DA9009508E1 /* Images.xcassets */ = {isa = PBXFileReference; lastKnownFileType = folder.assetcatalog; path = Images.xcassets; sourceTree = "<group>"; };
		9545EE901B771DA9009508E1 /* Base */ = {isa = PBXFileReference; lastKnownFileType = file.xib; name = Base; path = Base.lproj/LaunchScreen.xib; sourceTree = "<group>"; };
		9545EE961B771DA9009508E1 /* heshidaTests.xctest */ = {isa = PBXFileReference; explicitFileType = wrapper.cfbundle; includeInIndex = 0; path = heshidaTests.xctest; sourceTree = BUILT_PRODUCTS_DIR; };
		9545EE9B1B771DA9009508E1 /* Info.plist */ = {isa = PBXFileReference; lastKnownFileType = text.plist.xml; path = Info.plist; sourceTree = "<group>"; };
		9545EE9C1B771DA9009508E1 /* heshidaTests.m */ = {isa = PBXFileReference; lastKnownFileType = sourcecode.c.objc; path = heshidaTests.m; sourceTree = "<group>"; };
/* End PBXFileReference section */

/* Begin PBXFrameworksBuildPhase section */
		9545EE771B771DA9009508E1 /* Frameworks */ = {
			isa = PBXFrameworksBuildPhase;
			buildActionMask = 2147483647;
			files = (
			);
			runOnlyForDeploymentPostprocessing = 0;
		};
		9545EE931B771DA9009508E1 /* Frameworks */ = {
			isa = PBXFrameworksBuildPhase;
			buildActionMask = 2147483647;
			files = (
			);
			runOnlyForDeploymentPostprocessing = 0;
		};
/* End PBXFrameworksBuildPhase section */

/* Begin PBXGroup section */
		951FE4B21B89C073008DF72E /* 测试数据 */ = {
			isa = PBXGroup;
			children = (
				951FE4B31B89C088008DF72E /* HHDataUtil.h */,
				951FE4B41B89C088008DF72E /* HHDataUtil.m */,

				9528A37C1B92DB4900CE755B /* test.ini */,
			);
			name = "测试数据";
			sourceTree = "<group>";
		};
		951FE4B71B89CB5E008DF72E /* Cells */ = {
			isa = PBXGroup;
			children = (
				951FE4B81B89CB82008DF72E /* HotTableViewCell.h */,
				951FE4B91B89CB82008DF72E /* HotTableViewCell.m */,
			);
			name = Cells;
			sourceTree = "<group>";
		};
		953B79181B77353A00C2BA71 /* 登陆注册 */ = {
			isa = PBXGroup;
			children = (
				953B79191B77355C00C2BA71 /* LoginViewViewController.h */,
				953B791A1B77355C00C2BA71 /* LoginViewViewController.m */,
				953B791C1B77363400C2BA71 /* RegisterViewController.h */,
				953B791D1B77363400C2BA71 /* RegisterViewController.m */,
			);
			name = "登陆注册";
			sourceTree = "<group>";
		};
		953B791F1B77373100C2BA71 /* 社团活动 */ = {
			isa = PBXGroup;
			children = (
				953B79221B77386800C2BA71 /* ClubViewController.h */,
				953B79231B77386800C2BA71 /* ClubViewController.m */,
			);
			name = "社团活动";
			sourceTree = "<group>";
		};
		953B79201B77373D00C2BA71 /* 热门话题 */ = {
			isa = PBXGroup;
			children = (
				951FE4B71B89CB5E008DF72E /* Cells */,
				953B79251B773D8800C2BA71 /* HotViewController.h */,
				953B79261B773D8800C2BA71 /* HotViewController.m */,
			);
			name = "热门话题";
			sourceTree = "<group>";
		};
		953B79211B77374900C2BA71 /* 更多 */ = {
			isa = PBXGroup;
			children = (
				953B79281B77413400C2BA71 /* MoreViewController.h */,
				953B79291B77413400C2BA71 /* MoreViewController.m */,
			);
			name = "更多";
			sourceTree = "<group>";
		};
		953B79311B7A31A700C2BA71 /* images */ = {
			isa = PBXGroup;
			children = (
				0A1199F51B9F097F00DC7DF3 /* testHot.jpg */,
				0A1199F61B9F097F00DC7DF3 /* title@2x.png */,
				951FE4BB1B89CFA5008DF72E /* testHot.jpg */,
				951FE4AE1B89BA68008DF72E /* title@2x.png */,
				953B79501B7A4BB500C2BA71 /* more.png */,
				953B79511B7A4BB500C2BA71 /* more@2x.png */,
				953B794C1B7A4A9C00C2BA71 /* 112-group.png */,
				953B794D1B7A4A9C00C2BA71 /* 112-group@2x.png */,
				953B79481B7A4A3A00C2BA71 /* news.png */,
				953B79491B7A4A3A00C2BA71 /* news@2x.png */,
				953B79401B7A394200C2BA71 /* tab_feed.png */,
				953B79411B7A394200C2BA71 /* tab_feed@2x.png */,
				953B79361B7A359500C2BA71 /* index.png */,
				953B79371B7A359500C2BA71 /* logo.png */,
				953B79381B7A359500C2BA71 /* mine.png */,
				953B79391B7A359500C2BA71 /* tab_mine_l@2x.png */,
				953B793A1B7A359500C2BA71 /* tab_mine@2x.png */,
			);
			name = images;
			sourceTree = "<group>";
		};
		953B79441B7A47B700C2BA71 /* 校园网 */ = {
			isa = PBXGroup;
			children = (
				953B79451B7A47CF00C2BA71 /* MainSchoolViewController.h */,
				953B79461B7A47CF00C2BA71 /* MainSchoolViewController.m */,
			);
			name = "校园网";
			sourceTree = "<group>";
		};
		9545EE711B771DA9009508E1 = {
			isa = PBXGroup;
			children = (
				9545EE7C1B771DA9009508E1 /* heshida */,
				9545EE991B771DA9009508E1 /* heshidaTests */,
				9545EE7B1B771DA9009508E1 /* Products */,
			);
			sourceTree = "<group>";
		};
		9545EE7B1B771DA9009508E1 /* Products */ = {
			isa = PBXGroup;
			children = (
				9545EE7A1B771DA9009508E1 /* heshida.app */,
				9545EE961B771DA9009508E1 /* heshidaTests.xctest */,
			);
			name = Products;
			sourceTree = "<group>";
		};
		9545EE7C1B771DA9009508E1 /* heshida */ = {
			isa = PBXGroup;
			children = (
				951FE4B21B89C073008DF72E /* 测试数据 */,
				953B79441B7A47B700C2BA71 /* 校园网 */,
				953B79311B7A31A700C2BA71 /* images */,
				953B79211B77374900C2BA71 /* 更多 */,
				953B79201B77373D00C2BA71 /* 热门话题 */,
				953B791F1B77373100C2BA71 /* 社团活动 */,
				953B79181B77353A00C2BA71 /* 登陆注册 */,
				9545EE811B771DA9009508E1 /* AppDelegate.h */,
				9545EE821B771DA9009508E1 /* AppDelegate.m */,
				9545EE871B771DA9009508E1 /* ViewController.h */,
				9545EE881B771DA9009508E1 /* ViewController.m */,
				9545EE8A1B771DA9009508E1 /* Main.storyboard */,
				951FE4B61B89C1C2008DF72E /* PrefixHeader.pch */,
				9545EE8D1B771DA9009508E1 /* Images.xcassets */,
				9545EE8F1B771DA9009508E1 /* LaunchScreen.xib */,
				9545EE841B771DA9009508E1 /* heshida.xcdatamodeld */,
				9545EE7D1B771DA9009508E1 /* Supporting Files */,
			);
			path = heshida;
			sourceTree = "<group>";
		};
		9545EE7D1B771DA9009508E1 /* Supporting Files */ = {
			isa = PBXGroup;
			children = (
				9545EE7E1B771DA9009508E1 /* Info.plist */,
				9545EE7F1B771DA9009508E1 /* main.m */,
			);
			name = "Supporting Files";
			sourceTree = "<group>";
		};
		9545EE991B771DA9009508E1 /* heshidaTests */ = {
			isa = PBXGroup;
			children = (
				9545EE9C1B771DA9009508E1 /* heshidaTests.m */,
				9545EE9A1B771DA9009508E1 /* Supporting Files */,
			);
			path = heshidaTests;
			sourceTree = "<group>";
		};
		9545EE9A1B771DA9009508E1 /* Supporting Files */ = {
			isa = PBXGroup;
			children = (
				9545EE9B1B771DA9009508E1 /* Info.plist */,
			);
			name = "Supporting Files";
			sourceTree = "<group>";
		};
/* End PBXGroup section */

/* Begin PBXNativeTarget section */
		9545EE791B771DA9009508E1 /* heshida */ = {
			isa = PBXNativeTarget;
			buildConfigurationList = 9545EEA01B771DA9009508E1 /* Build configuration list for PBXNativeTarget "heshida" */;
			buildPhases = (
				9545EE761B771DA9009508E1 /* Sources */,
				9545EE771B771DA9009508E1 /* Frameworks */,
				9545EE781B771DA9009508E1 /* Resources */,
			);
			buildRules = (
			);
			dependencies = (
			);
			name = heshida;
			productName = heshida;
			productReference = 9545EE7A1B771DA9009508E1 /* heshida.app */;
			productType = "com.apple.product-type.application";
		};
		9545EE951B771DA9009508E1 /* heshidaTests */ = {
			isa = PBXNativeTarget;
			buildConfigurationList = 9545EEA31B771DA9009508E1 /* Build configuration list for PBXNativeTarget "heshidaTests" */;
			buildPhases = (
				9545EE921B771DA9009508E1 /* Sources */,
				9545EE931B771DA9009508E1 /* Frameworks */,
				9545EE941B771DA9009508E1 /* Resources */,
			);
			buildRules = (
			);
			dependencies = (
				9545EE981B771DA9009508E1 /* PBXTargetDependency */,
			);
			name = heshidaTests;
			productName = heshidaTests;
			productReference = 9545EE961B771DA9009508E1 /* heshidaTests.xctest */;
			productType = "com.apple.product-type.bundle.unit-test";
		};
/* End PBXNativeTarget section */

/* Begin PBXProject section */
		9545EE721B771DA9009508E1 /* Project object */ = {
			isa = PBXProject;
			attributes = {
				LastUpgradeCheck = 0640;
				ORGANIZATIONNAME = "李长鸿";
				TargetAttributes = {
					9545EE791B771DA9009508E1 = {
						CreatedOnToolsVersion = 6.4;
						DevelopmentTeam = ZQQMP3TJXZ;
					};
					9545EE951B771DA9009508E1 = {
						CreatedOnToolsVersion = 6.4;
						TestTargetID = 9545EE791B771DA9009508E1;
					};
				};
			};
			buildConfigurationList = 9545EE751B771DA9009508E1 /* Build configuration list for PBXProject "heshida" */;
			compatibilityVersion = "Xcode 3.2";
			developmentRegion = English;
			hasScannedForEncodings = 0;
			knownRegions = (
				en,
				Base,
			);
			mainGroup = 9545EE711B771DA9009508E1;
			productRefGroup = 9545EE7B1B771DA9009508E1 /* Products */;
			projectDirPath = "";
			projectRoot = "";
			targets = (
				9545EE791B771DA9009508E1 /* heshida */,
				9545EE951B771DA9009508E1 /* heshidaTests */,
			);
		};
/* End PBXProject section */

/* Begin PBXResourcesBuildPhase section */
		9545EE781B771DA9009508E1 /* Resources */ = {
			isa = PBXResourcesBuildPhase;
			buildActionMask = 2147483647;
			files = (
				953B793E1B7A359500C2BA71 /* tab_mine_l@2x.png in Resources */,
				951FE4AF1B89BA68008DF72E /* title@2x.png in Resources */,
				953B794A1B7A4A3A00C2BA71 /* news.png in Resources */,
				951FE4BC1B89CFA5008DF72E /* testHot.jpg in Resources */,
				953B793B1B7A359500C2BA71 /* index.png in Resources */,
				9528A37D1B92DB4900CE755B /* test.ini in Resources */,
				953B79431B7A394200C2BA71 /* tab_feed@2x.png in Resources */,
				953B794E1B7A4A9C00C2BA71 /* 112-group.png in Resources */,
				953B793C1B7A359500C2BA71 /* logo.png in Resources */,
				953B794B1B7A4A3A00C2BA71 /* news@2x.png in Resources */,
				953B793F1B7A359500C2BA71 /* tab_mine@2x.png in Resources */,
				953B79421B7A394200C2BA71 /* tab_feed.png in Resources */,
				953B793D1B7A359500C2BA71 /* mine.png in Resources */,
				9545EE8C1B771DA9009508E1 /* Main.storyboard in Resources */,
				953B79531B7A4BB500C2BA71 /* more@2x.png in Resources */,
				953B79521B7A4BB500C2BA71 /* more.png in Resources */,
				0A1199F71B9F097F00DC7DF3 /* testHot.jpg in Resources */,
				9545EE911B771DA9009508E1 /* LaunchScreen.xib in Resources */,
				9545EE8E1B771DA9009508E1 /* Images.xcassets in Resources */,
				953B794F1B7A4A9C00C2BA71 /* 112-group@2x.png in Resources */,
				0A1199F81B9F097F00DC7DF3 /* title@2x.png in Resources */,
			);
			runOnlyForDeploymentPostprocessing = 0;
		};
		9545EE941B771DA9009508E1 /* Resources */ = {
			isa = PBXResourcesBuildPhase;
			buildActionMask = 2147483647;
			files = (
			);
			runOnlyForDeploymentPostprocessing = 0;
		};
/* End PBXResourcesBuildPhase section */

/* Begin PBXSourcesBuildPhase section */
		9545EE761B771DA9009508E1 /* Sources */ = {
			isa = PBXSourcesBuildPhase;
			buildActionMask = 2147483647;
			files = (
				953B79271B773D8800C2BA71 /* HotViewController.m in Sources */,
				9545EE861B771DA9009508E1 /* heshida.xcdatamodeld in Sources */,
				953B791E1B77363400C2BA71 /* RegisterViewController.m in Sources */,
				953B791B1B77355C00C2BA71 /* LoginViewViewController.m in Sources */,
				953B792A1B77413400C2BA71 /* MoreViewController.m in Sources */,
				9545EE831B771DA9009508E1 /* AppDelegate.m in Sources */,
				951FE4B51B89C088008DF72E /* HHDataUtil.m in Sources */,
				9545EE891B771DA9009508E1 /* ViewController.m in Sources */,
				953B79471B7A47CF00C2BA71 /* MainSchoolViewController.m in Sources */,
				953B79241B77386800C2BA71 /* ClubViewController.m in Sources */,
				9545EE801B771DA9009508E1 /* main.m in Sources */,
				951FE4BA1B89CB82008DF72E /* HotTableViewCell.m in Sources */,
			);
			runOnlyForDeploymentPostprocessing = 0;
		};
		9545EE921B771DA9009508E1 /* Sources */ = {
			isa = PBXSourcesBuildPhase;
			buildActionMask = 2147483647;
			files = (
				9545EE9D1B771DA9009508E1 /* heshidaTests.m in Sources */,
			);
			runOnlyForDeploymentPostprocessing = 0;
		};
/* End PBXSourcesBuildPhase section */

/* Begin PBXTargetDependency section */
		9545EE981B771DA9009508E1 /* PBXTargetDependency */ = {
			isa = PBXTargetDependency;
			target = 9545EE791B771DA9009508E1 /* heshida */;
			targetProxy = 9545EE971B771DA9009508E1 /* PBXContainerItemProxy */;
		};
/* End PBXTargetDependency section */

/* Begin PBXVariantGroup section */
		9545EE8A1B771DA9009508E1 /* Main.storyboard */ = {
			isa = PBXVariantGroup;
			children = (
				9545EE8B1B771DA9009508E1 /* Base */,
			);
			name = Main.storyboard;
			sourceTree = "<group>";
		};
		9545EE8F1B771DA9009508E1 /* LaunchScreen.xib */ = {
			isa = PBXVariantGroup;
			children = (
				9545EE901B771DA9009508E1 /* Base */,
			);
			name = LaunchScreen.xib;
			sourceTree = "<group>";
		};
/* End PBXVariantGroup section */

/* Begin XCBuildConfiguration section */
		9545EE9E1B771DA9009508E1 /* Debug */ = {
			isa = XCBuildConfiguration;
			buildSettings = {
				ALWAYS_SEARCH_USER_PATHS = NO;
				CLANG_CXX_LANGUAGE_STANDARD = "gnu++0x";
				CLANG_CXX_LIBRARY = "libc++";
				CLANG_ENABLE_MODULES = YES;
				CLANG_ENABLE_OBJC_ARC = YES;
				CLANG_WARN_BOOL_CONVERSION = YES;
				CLANG_WARN_CONSTANT_CONVERSION = YES;
				CLANG_WARN_DIRECT_OBJC_ISA_USAGE = YES_ERROR;
				CLANG_WARN_EMPTY_BODY = YES;
				CLANG_WARN_ENUM_CONVERSION = YES;
				CLANG_WARN_INT_CONVERSION = YES;
				CLANG_WARN_OBJC_ROOT_CLASS = YES_ERROR;
				CLANG_WARN_UNREACHABLE_CODE = YES;
				CLANG_WARN__DUPLICATE_METHOD_MATCH = YES;
				"CODE_SIGN_IDENTITY[sdk=iphoneos*]" = "iPhone Developer";
				COPY_PHASE_STRIP = NO;
				DEBUG_INFORMATION_FORMAT = "dwarf-with-dsym";
				ENABLE_STRICT_OBJC_MSGSEND = YES;
				GCC_C_LANGUAGE_STANDARD = gnu99;
				GCC_DYNAMIC_NO_PIC = NO;
				GCC_NO_COMMON_BLOCKS = YES;
				GCC_OPTIMIZATION_LEVEL = 0;
				GCC_PREPROCESSOR_DEFINITIONS = (
					"DEBUG=1",
					"$(inherited)",
				);
				GCC_SYMBOLS_PRIVATE_EXTERN = NO;
				GCC_WARN_64_TO_32_BIT_CONVERSION = YES;
				GCC_WARN_ABOUT_RETURN_TYPE = YES_ERROR;
				GCC_WARN_UNDECLARED_SELECTOR = YES;
				GCC_WARN_UNINITIALIZED_AUTOS = YES_AGGRESSIVE;
				GCC_WARN_UNUSED_FUNCTION = YES;
				GCC_WARN_UNUSED_VARIABLE = YES;
				IPHONEOS_DEPLOYMENT_TARGET = 8.4;
				MTL_ENABLE_DEBUG_INFO = YES;
				ONLY_ACTIVE_ARCH = YES;
				SDKROOT = iphoneos;
			};
			name = Debug;
		};
		9545EE9F1B771DA9009508E1 /* Release */ = {
			isa = XCBuildConfiguration;
			buildSettings = {
				ALWAYS_SEARCH_USER_PATHS = NO;
				CLANG_CXX_LANGUAGE_STANDARD = "gnu++0x";
				CLANG_CXX_LIBRARY = "libc++";
				CLANG_ENABLE_MODULES = YES;
				CLANG_ENABLE_OBJC_ARC = YES;
				CLANG_WARN_BOOL_CONVERSION = YES;
				CLANG_WARN_CONSTANT_CONVERSION = YES;
				CLANG_WARN_DIRECT_OBJC_ISA_USAGE = YES_ERROR;
				CLANG_WARN_EMPTY_BODY = YES;
				CLANG_WARN_ENUM_CONVERSION = YES;
				CLANG_WARN_INT_CONVERSION = YES;
				CLANG_WARN_OBJC_ROOT_CLASS = YES_ERROR;
				CLANG_WARN_UNREACHABLE_CODE = YES;
				CLANG_WARN__DUPLICATE_METHOD_MATCH = YES;
				"CODE_SIGN_IDENTITY[sdk=iphoneos*]" = "iPhone Developer";
				COPY_PHASE_STRIP = NO;
				DEBUG_INFORMATION_FORMAT = "dwarf-with-dsym";
				ENABLE_NS_ASSERTIONS = NO;
				ENABLE_STRICT_OBJC_MSGSEND = YES;
				GCC_C_LANGUAGE_STANDARD = gnu99;
				GCC_NO_COMMON_BLOCKS = YES;
				GCC_WARN_64_TO_32_BIT_CONVERSION = YES;
				GCC_WARN_ABOUT_RETURN_TYPE = YES_ERROR;
				GCC_WARN_UNDECLARED_SELECTOR = YES;
				GCC_WARN_UNINITIALIZED_AUTOS = YES_AGGRESSIVE;
				GCC_WARN_UNUSED_FUNCTION = YES;
				GCC_WARN_UNUSED_VARIABLE = YES;
				IPHONEOS_DEPLOYMENT_TARGET = 8.4;
				MTL_ENABLE_DEBUG_INFO = NO;
				SDKROOT = iphoneos;
				VALIDATE_PRODUCT = YES;
			};
			name = Release;
		};
		9545EEA11B771DA9009508E1 /* Debug */ = {
			isa = XCBuildConfiguration;
			buildSettings = {
				ASSETCATALOG_COMPILER_APPICON_NAME = AppIcon;
				CODE_SIGN_IDENTITY = "iPhone Distribution";
				"CODE_SIGN_IDENTITY[sdk=iphoneos*]" = "iPhone Distribution";
				GCC_INCREASE_PRECOMPILED_HEADER_SHARING = YES;
				GCC_PRECOMPILE_PREFIX_HEADER = YES;
				GCC_PREFIX_HEADER = heshida/PrefixHeader.pch;
				INFOPLIST_FILE = heshida/Info.plist;
				IPHONEOS_DEPLOYMENT_TARGET = 7.0;
				LD_RUNPATH_SEARCH_PATHS = "$(inherited) @executable_path/Frameworks";
				PRODUCT_NAME = "$(TARGET_NAME)";
				PROVISIONING_PROFILE = "22d99063-4bdb-4852-818c-b93a6e8e3701";
			};
			name = Debug;
		};
		9545EEA21B771DA9009508E1 /* Release */ = {
			isa = XCBuildConfiguration;
			buildSettings = {
				ASSETCATALOG_COMPILER_APPICON_NAME = AppIcon;
				CODE_SIGN_IDENTITY = "iPhone Distribution";
				"CODE_SIGN_IDENTITY[sdk=iphoneos*]" = "iPhone Distribution";
				GCC_INCREASE_PRECOMPILED_HEADER_SHARING = YES;
				GCC_PRECOMPILE_PREFIX_HEADER = YES;
				GCC_PREFIX_HEADER = heshida/PrefixHeader.pch;
				INFOPLIST_FILE = heshida/Info.plist;
				IPHONEOS_DEPLOYMENT_TARGET = 7.0;
				LD_RUNPATH_SEARCH_PATHS = "$(inherited) @executable_path/Frameworks";
				PRODUCT_NAME = "$(TARGET_NAME)";
				PROVISIONING_PROFILE = "22d99063-4bdb-4852-818c-b93a6e8e3701";
			};
			name = Release;
		};
		9545EEA41B771DA9009508E1 /* Debug */ = {
			isa = XCBuildConfiguration;
			buildSettings = {
				BUNDLE_LOADER = "$(TEST_HOST)";
				FRAMEWORK_SEARCH_PATHS = (
					"$(SDKROOT)/Developer/Library/Frameworks",
					"$(inherited)",
				);
				GCC_PREPROCESSOR_DEFINITIONS = (
					"DEBUG=1",
					"$(inherited)",
				);
				INFOPLIST_FILE = heshidaTests/Info.plist;
				LD_RUNPATH_SEARCH_PATHS = "$(inherited) @executable_path/Frameworks @loader_path/Frameworks";
				PRODUCT_NAME = "$(TARGET_NAME)";
				TEST_HOST = "$(BUILT_PRODUCTS_DIR)/heshida.app/heshida";
			};
			name = Debug;
		};
		9545EEA51B771DA9009508E1 /* Release */ = {
			isa = XCBuildConfiguration;
			buildSettings = {
				BUNDLE_LOADER = "$(TEST_HOST)";
				FRAMEWORK_SEARCH_PATHS = (
					"$(SDKROOT)/Developer/Library/Frameworks",
					"$(inherited)",
				);
				INFOPLIST_FILE = heshidaTests/Info.plist;
				LD_RUNPATH_SEARCH_PATHS = "$(inherited) @executable_path/Frameworks @loader_path/Frameworks";
				PRODUCT_NAME = "$(TARGET_NAME)";
				TEST_HOST = "$(BUILT_PRODUCTS_DIR)/heshida.app/heshida";
			};
			name = Release;
		};
/* End XCBuildConfiguration section */

/* Begin XCConfigurationList section */
		9545EE751B771DA9009508E1 /* Build configuration list for PBXProject "heshida" */ = {
			isa = XCConfigurationList;
			buildConfigurations = (
				9545EE9E1B771DA9009508E1 /* Debug */,
				9545EE9F1B771DA9009508E1 /* Release */,
			);
			defaultConfigurationIsVisible = 0;
			defaultConfigurationName = Release;
		};
		9545EEA01B771DA9009508E1 /* Build configuration list for PBXNativeTarget "heshida" */ = {
			isa = XCConfigurationList;
			buildConfigurations = (
				9545EEA11B771DA9009508E1 /* Debug */,
				9545EEA21B771DA9009508E1 /* Release */,
			);
			defaultConfigurationIsVisible = 0;
			defaultConfigurationName = Release;
		};
		9545EEA31B771DA9009508E1 /* Build configuration list for PBXNativeTarget "heshidaTests" */ = {
			isa = XCConfigurationList;
			buildConfigurations = (
				9545EEA41B771DA9009508E1 /* Debug */,
				9545EEA51B771DA9009508E1 /* Release */,
			);
			defaultConfigurationIsVisible = 0;
			defaultConfigurationName = Release;
		};
/* End XCConfigurationList section */

/* Begin XCVersionGroup section */
		9545EE841B771DA9009508E1 /* heshida.xcdatamodeld */ = {
			isa = XCVersionGroup;
			children = (
				9545EE851B771DA9009508E1 /* heshida.xcdatamodel */,
			);
			currentVersion = 9545EE851B771DA9009508E1 /* heshida.xcdatamodel */;
			path = heshida.xcdatamodeld;
			sourceTree = "<group>";
			versionGroupType = wrapper.xcdatamodel;
		};
/* End XCVersionGroup section */
	};
	rootObject = 9545EE721B771DA9009508E1 /* Project object */;
}
